
Microsoft Visual Studio Solution File, Format Version 12.00
# Visual Studio 15
VisualStudioVersion = 15.0.28307.168
MinimumVisualStudioVersion = 10.0.40219.1
Project("{FAE04EC0-301F-11D3-BF4B-00C04F79EFBC}") = "CartaWeb", "CartaWeb\CartaWeb.csproj", "{530542A9-4648-4983-B658-A00A15E33A96}"
EndProject
Project("{FAE04EC0-301F-11D3-BF4B-00C04F79EFBC}") = "CartaWeb.Tests", "CartaWeb.Tests\CartaWeb.Tests.csproj", "{51D2E46C-A912-4D34-B610-6E2E8793B333}"
EndProject
Global
	GlobalSection(SolutionConfigurationPlatforms) = preSolution
		Debug|Any CPU = Debug|Any CPU
		Release|Any CPU = Release|Any CPU
	EndGlobalSection
	GlobalSection(ProjectConfigurationPlatforms) = postSolution
		{530542A9-4648-4983-B658-A00A15E33A96}.Debug|Any CPU.ActiveCfg = Debug|Any CPU
		{530542A9-4648-4983-B658-A00A15E33A96}.Debug|Any CPU.Build.0 = Debug|Any CPU
		{530542A9-4648-4983-B658-A00A15E33A96}.Release|Any CPU.ActiveCfg = Release|Any CPU
		{530542A9-4648-4983-B658-A00A15E33A96}.Release|Any CPU.Build.0 = Release|Any CPU
		{51D2E46C-A912-4D34-B610-6E2E8793B333}.Debug|Any CPU.ActiveCfg = Debug|Any CPU
		{51D2E46C-A912-4D34-B610-6E2E8793B333}.Debug|Any CPU.Build.0 = Debug|Any CPU
		{51D2E46C-A912-4D34-B610-6E2E8793B333}.Release|Any CPU.ActiveCfg = Release|Any CPU
		{51D2E46C-A912-4D34-B610-6E2E8793B333}.Release|Any CPU.Build.0 = Release|Any CPU
	EndGlobalSection
	GlobalSection(SolutionProperties) = preSolution
		HideSolutionNode = FALSE
	EndGlobalSection
	GlobalSection(ExtensibilityGlobals) = postSolution
		SolutionGuid = {0E0A8AD9-381C-478B-B6D1-902E2AC79CCD}
	EndGlobalSection
EndGlobal
